github.com/gethugothemes/hugo-modules/components/render-link v0.0.0-20231025030535-37017d01a181 h1:32fCMJ/OcB/g1LI3XRMBwMcPR6r8g8giCJoSb6+vI4g=
github.com/gethugothemes/hugo-modules/components/render-link v0.0.0-20231025030535-37017d01a181/go.mod h1:z3YcIeEBUonAoRDY1/Jv1ojNVkZ5ud35a0Nn8L4Inx0=
github.com/gethugothemes/hugo-modules/icons/font-awesome v0.0.0-20231025030535-37017d01a181 h1:NWgA3603SQsIQXniXK13B3IOerrJOe3svsHeoahi6aA=
github.com/gethugothemes/hugo-modules/icons/font-awesome v0.0.0-20231025030535-37017d01a181/go.mod h1:d3gy1vQyfasPmGpau7HpQLrXbOv23PfXclSnjyOBxeU=
github.com/gethugothemes/hugo-modules/images v0.0.0-20231025030535-37017d01a181 h1:HOo5+dbFq6CZPiZPNlCXo7RUh+6NSC9Bc1u34D9UAjw=
github.com/gethugothemes/hugo-modules/images v0.0.0-20231025030535-37017d01a181/go.mod h1:FKliP3qOW9diIcQeLtyZ0Hdhg3PL8bdAkC/6O+XtU90=
github.com/gethugothemes/hugo-modules/pwa v0.0.0-20231025030535-37017d01a181 h1:JjnhDNfw3eD99hV8LJuwBorsZYXvMwflFDbTV1NVZBA=
github.com/gethugothemes/hugo-modules/pwa v0.0.0-20231025030535-37017d01a181/go.mod h1:TRv7iszdfo37O1PbBEE+S8X/enAdpRIxK5DGrp13Qbo=
github.com/gethugothemes/hugo-modules/search v0.0.0-20231025030535-37017d01a181 h1:8an/Jb255K2b/Hwo+bnv/rve/pX2El+MbelKDm/aab4=
github.com/gethugothemes/hugo-modules/search v0.0.0-20231025030535-37017d01a181/go.mod h1:tmDvLaZCM+QDvS/WLZXNjY1QTdWh7/68D2wIToECbyA=
github.com/gethugothemes/hugo-modules/seo-tools/basic-seo v0.0.0-20231025030535-37017d01a181 h1:Oxl6z9Y/8L7FVrCO3n10K86FeZHZZA4eC0YHptjQbzM=
github.com/gethugothemes/hugo-modules/seo-tools/basic-seo v0.0.0-20231025030535-37017d01a181/go.mod h1:Q8dPgjamV7pxwKSQyWV21Xwh5CGi23/k+M8HPTphYbs=
github.com/gethugothemes/hugo-modules/seo-tools/site-verifications v0.0.0-20231025030535-37017d01a181 h1:7Pz2bt6dywlW98hmytCBH62x8D4TbDNS1nrLYCOGfPM=
github.com/gethugothemes/hugo-modules/seo-tools/site-verifications v0.0.0-20231025030535-37017d01a181/go.mod h1:iXielaya126qJscz7Bc2G2WB91moloQOoWru6UoBUyE=
github.com/gethugothemes/hugo-modules/shortcodes/button v0.0.0-20231025030535-37017d01a181 h1:gCk8ZjUhE+h9gaaj0t2IEpaNthzssdmcdjzjE852w0s=
github.com/gethugothemes/hugo-modules/shortcodes/button v0.0.0-20231025030535-37017d01a181/go.mod h1:MSvxGvjvcGUKTs6YMATU/9kYFrzW+VSVdy4CCOQLdsY=
github.com/gethugothemes/hugo-modules/table-of-contents v0.0.0-20231025030535-37017d01a181 h1:KmQOahL2CSXPih++FEnt7scsm1gZ4I9jAmn7tWE9pLY=
github.com/gethugothemes/hugo-modules/table-of-contents v0.0.0-20231025030535-37017d01a181/go.mod h1:bEDw4veccQQQYEdVrfu13ATRUWfW8ptDIjJZuhYh4Tw=
